
Microsoft Visual Studio Solution File, Format Version 12.00
# Visual Studio 2012
Project("{FAE04EC0-301F-11D3-BF4B-00C04F79EFBC}") = "Wordamentor", "Wordamentor\Wordamentor.csproj", "{C46D9F57-86B1-4B39-93CD-1854772E62FC}"
EndProject
Project("{FAE04EC0-301F-11D3-BF4B-00C04F79EFBC}") = "WordamentSolver", "WordamentSolver\WordamentSolver.csproj", "{73D89EF3-FC2D-4789-9667-B98AFAF2DFC9}"
EndProject
Global
	GlobalSection(TeamFoundationVersionControl) = preSolution
		SccNumberOfProjects = 3
		SccEnterpriseProvider = {4CA58AB2-18FA-4F8D-95D4-32DDF27D184C}
		SccTeamFoundationServer = https://tfs.codeplex.com/tfs/tfs25
		SccLocalPath0 = .
		SccProjectUniqueName1 = Wordamentor\\Wordamentor.csproj
		SccProjectName1 = Wordamentor
		SccLocalPath1 = Wordamentor
		SccProjectUniqueName2 = WordamentSolver\\WordamentSolver.csproj
		SccProjectName2 = WordamentSolver
		SccLocalPath2 = WordamentSolver
	EndGlobalSection
	GlobalSection(SolutionConfigurationPlatforms) = preSolution
		Debug|Any CPU = Debug|Any CPU
		Release|Any CPU = Release|Any CPU
	EndGlobalSection
	GlobalSection(ProjectConfigurationPlatforms) = postSolution
		{C46D9F57-86B1-4B39-93CD-1854772E62FC}.Debug|Any CPU.ActiveCfg = Debug|Any CPU
		{C46D9F57-86B1-4B39-93CD-1854772E62FC}.Debug|Any CPU.Build.0 = Debug|Any CPU
		{C46D9F57-86B1-4B39-93CD-1854772E62FC}.Release|Any CPU.ActiveCfg = Release|Any CPU
		{C46D9F57-86B1-4B39-93CD-1854772E62FC}.Release|Any CPU.Build.0 = Release|Any CPU
		{73D89EF3-FC2D-4789-9667-B98AFAF2DFC9}.Debug|Any CPU.ActiveCfg = Debug|Any CPU
		{73D89EF3-FC2D-4789-9667-B98AFAF2DFC9}.Debug|Any CPU.Build.0 = Debug|Any CPU
		{73D89EF3-FC2D-4789-9667-B98AFAF2DFC9}.Release|Any CPU.ActiveCfg = Release|Any CPU
		{73D89EF3-FC2D-4789-9667-B98AFAF2DFC9}.Release|Any CPU.Build.0 = Release|Any CPU
	EndGlobalSection
	GlobalSection(SolutionProperties) = preSolution
		HideSolutionNode = FALSE
	EndGlobalSection
EndGlobal
